
Microsoft Visual Studio Solution File, Format Version 12.00
Project("{FAE04EC0-301F-11D3-BF4B-00C04F79EFBC}") = "EZ2FAI", "EZ2FAI\EZ2FAI.csproj", "{B18F7BC8-5BAF-4CE3-B8A5-F24E6C980C58}"
EndProject
Global
	GlobalSection(SolutionConfigurationPlatforms) = preSolution
		Debug|Any CPU = Debug|Any CPU
		Release|Any CPU = Release|Any CPU
	EndGlobalSection
	GlobalSection(ProjectConfigurationPlatforms) = postSolution
		{B18F7BC8-5BAF-4CE3-B8A5-F24E6C980C58}.Debug|Any CPU.ActiveCfg = Debug|Any CPU
		{B18F7BC8-5BAF-4CE3-B8A5-F24E6C980C58}.Debug|Any CPU.Build.0 = Debug|Any CPU
		{B18F7BC8-5BAF-4CE3-B8A5-F24E6C980C58}.Release|Any CPU.ActiveCfg = Release|Any CPU
		{B18F7BC8-5BAF-4CE3-B8A5-F24E6C980C58}.Release|Any CPU.Build.0 = Release|Any CPU
	EndGlobalSection
EndGlobal
